
Microsoft Visual Studio Solution File, Format Version 12.00
# Visual Studio Version 16
VisualStudioVersion = 16.0.31729.503
MinimumVisualStudioVersion = 10.0.40219.1
Project("{2150E333-8FDC-42A3-9474-1A3956D46DE8}") = "Services", "Services", "{F6435BA1-8672-4D66-B2AE-F8AF4124D04E}"
EndProject
Project("{2150E333-8FDC-42A3-9474-1A3956D46DE8}") = "Catalog", "Catalog", "{F85116EF-1C13-4A12-B701-E0EFD9C66667}"
EndProject
Project("{9A19103F-16F7-4668-BE54-9A1E7A4F7556}") = "FreeCource.Services.Catalog", "Services\Catalog\FreeCource.Services.Catalog\FreeCource.Services.Catalog.csproj", "{32DE9FE6-C65B-4A97-994C-05C4CD739E4C}"
EndProject
Project("{2150E333-8FDC-42A3-9474-1A3956D46DE8}") = "Solution Items", "Solution Items", "{E747EEEB-7C3F-43DC-B44B-90CAABA8BF8F}"
	ProjectSection(SolutionItems) = preProject
		Ports.txt = Ports.txt
	EndProjectSection
EndProject
Project("{2150E333-8FDC-42A3-9474-1A3956D46DE8}") = "Shared", "Shared", "{79A856D7-E9B9-4433-A3B7-DCCAC8DA62EF}"
EndProject
Project("{9A19103F-16F7-4668-BE54-9A1E7A4F7556}") = "FreeCourse.Shared", "Shared\FreeCourse.Shared\FreeCourse.Shared.csproj", "{BBB370E6-7226-42D7-A7F3-D264AE7DFABA}"
EndProject
Project("{2150E333-8FDC-42A3-9474-1A3956D46DE8}") = "IdentityServer", "IdentityServer", "{3687CB52-4532-4325-90E7-99DEBB87B4F2}"
EndProject
Project("{9A19103F-16F7-4668-BE54-9A1E7A4F7556}") = "FreeCourse.IdentityServer", "IdentityServer\FreeCourse.IdentityServer\FreeCourse.IdentityServer.csproj", "{87850555-3B56-4DF1-B459-A5E49019247B}"
EndProject
Project("{2150E333-8FDC-42A3-9474-1A3956D46DE8}") = "PhotoStock", "PhotoStock", "{7A0D9556-8D48-4F36-921D-910B9C9CBF87}"
EndProject
Project("{FAE04EC0-301F-11D3-BF4B-00C04F79EFBC}") = "FreeCourse.Services.PhotoStock", "Services\PhotoStock\FreeCourse.Services.PhotoStock\FreeCourse.Services.PhotoStock.csproj", "{EC4D6D9F-D40F-44B4-B3CF-614F04724A5A}"
EndProject
Global
	GlobalSection(SolutionConfigurationPlatforms) = preSolution
		Debug|Any CPU = Debug|Any CPU
		Release|Any CPU = Release|Any CPU
	EndGlobalSection
	GlobalSection(ProjectConfigurationPlatforms) = postSolution
		{32DE9FE6-C65B-4A97-994C-05C4CD739E4C}.Debug|Any CPU.ActiveCfg = Debug|Any CPU
		{32DE9FE6-C65B-4A97-994C-05C4CD739E4C}.Debug|Any CPU.Build.0 = Debug|Any CPU
		{32DE9FE6-C65B-4A97-994C-05C4CD739E4C}.Release|Any CPU.ActiveCfg = Release|Any CPU
		{32DE9FE6-C65B-4A97-994C-05C4CD739E4C}.Release|Any CPU.Build.0 = Release|Any CPU
		{BBB370E6-7226-42D7-A7F3-D264AE7DFABA}.Debug|Any CPU.ActiveCfg = Debug|Any CPU
		{BBB370E6-7226-42D7-A7F3-D264AE7DFABA}.Debug|Any CPU.Build.0 = Debug|Any CPU
		{BBB370E6-7226-42D7-A7F3-D264AE7DFABA}.Release|Any CPU.ActiveCfg = Release|Any CPU
		{BBB370E6-7226-42D7-A7F3-D264AE7DFABA}.Release|Any CPU.Build.0 = Release|Any CPU
		{87850555-3B56-4DF1-B459-A5E49019247B}.Debug|Any CPU.ActiveCfg = Debug|Any CPU
		{87850555-3B56-4DF1-B459-A5E49019247B}.Debug|Any CPU.Build.0 = Debug|Any CPU
		{87850555-3B56-4DF1-B459-A5E49019247B}.Release|Any CPU.ActiveCfg = Release|Any CPU
		{87850555-3B56-4DF1-B459-A5E49019247B}.Release|Any CPU.Build.0 = Release|Any CPU
		{EC4D6D9F-D40F-44B4-B3CF-614F04724A5A}.Debug|Any CPU.ActiveCfg = Debug|Any CPU
		{EC4D6D9F-D40F-44B4-B3CF-614F04724A5A}.Debug|Any CPU.Build.0 = Debug|Any CPU
		{EC4D6D9F-D40F-44B4-B3CF-614F04724A5A}.Release|Any CPU.ActiveCfg = Release|Any CPU
		{EC4D6D9F-D40F-44B4-B3CF-614F04724A5A}.Release|Any CPU.Build.0 = Release|Any CPU
	EndGlobalSection
	GlobalSection(SolutionProperties) = preSolution
		HideSolutionNode = FALSE
	EndGlobalSection
	GlobalSection(NestedProjects) = preSolution
		{F85116EF-1C13-4A12-B701-E0EFD9C66667} = {F6435BA1-8672-4D66-B2AE-F8AF4124D04E}
		{32DE9FE6-C65B-4A97-994C-05C4CD739E4C} = {F85116EF-1C13-4A12-B701-E0EFD9C66667}
		{BBB370E6-7226-42D7-A7F3-D264AE7DFABA} = {79A856D7-E9B9-4433-A3B7-DCCAC8DA62EF}
		{87850555-3B56-4DF1-B459-A5E49019247B} = {3687CB52-4532-4325-90E7-99DEBB87B4F2}
		{7A0D9556-8D48-4F36-921D-910B9C9CBF87} = {F6435BA1-8672-4D66-B2AE-F8AF4124D04E}
		{EC4D6D9F-D40F-44B4-B3CF-614F04724A5A} = {7A0D9556-8D48-4F36-921D-910B9C9CBF87}
	EndGlobalSection
	GlobalSection(ExtensibilityGlobals) = postSolution
		SolutionGuid = {12236822-7047-4072-8B33-7FE9CC943EC2}
	EndGlobalSection
EndGlobal
